// !$*UTF8*$!
{
	archiveVersion = 1;
	classes = {
	};
	objectVersion = 46;
	objects = {

/* Begin PBXBuildFile section */
		113B05291DDBB3A700D001DD /* ProblemSelectorViewController.swift in Sources */ = {isa = PBXBuildFile; fileRef = 113B05281DDBB3A700D001DD /* ProblemSelectorViewController.swift */; };
		113B052B1DDBB3AF00D001DD /* Account.swift in Sources */ = {isa = PBXBuildFile; fileRef = 113B052A1DDBB3AF00D001DD /* Account.swift */; };
		113B052D1DDBB3B500D001DD /* Teacher.swift in Sources */ = {isa = PBXBuildFile; fileRef = 113B052C1DDBB3B500D001DD /* Teacher.swift */; };
		113B052F1DDBB3BB00D001DD /* Student.swift in Sources */ = {isa = PBXBuildFile; fileRef = 113B052E1DDBB3BB00D001DD /* Student.swift */; };
		113B05311DDBB3C000D001DD /* ClassroomTableViewCell.swift in Sources */ = {isa = PBXBuildFile; fileRef = 113B05301DDBB3C000D001DD /* ClassroomTableViewCell.swift */; };
		113B05331DDBB3CC00D001DD /* ClassroomTableViewController.swift in Sources */ = {isa = PBXBuildFile; fileRef = 113B05321DDBB3CC00D001DD /* ClassroomTableViewController.swift */; };
		113B05351DDBB3D400D001DD /* Classroom.swift in Sources */ = {isa = PBXBuildFile; fileRef = 113B05341DDBB3D400D001DD /* Classroom.swift */; };
		12E5B6C7AF1EC81893F3CBC0 /* Pods_AppsComps.framework in Frameworks */ = {isa = PBXBuildFile; fileRef = 87E7EA029543374792360F5C /* Pods_AppsComps.framework */; };
		228DB9E61DC7FA2A00FA64A7 /* APIConnector.swift in Sources */ = {isa = PBXBuildFile; fileRef = 228DB9E51DC7FA2A00FA64A7 /* APIConnector.swift */; };
		22F7A14A1DD7D0CE00EC3C38 /* APIDataDelegate.swift in Sources */ = {isa = PBXBuildFile; fileRef = 22F7A1491DD7D0CE00EC3C38 /* APIDataDelegate.swift */; };
		47EBC2CF1DC55F16002F4DC1 /* ProblemScreenViewController.swift in Sources */ = {isa = PBXBuildFile; fileRef = 47EBC2CE1DC55F16002F4DC1 /* ProblemScreenViewController.swift */; };
		47EBC3031DC563AD002F4DC1 /* GameScene.swift in Sources */ = {isa = PBXBuildFile; fileRef = 47EBC3021DC563AD002F4DC1 /* GameScene.swift */; };
		47EBC3091DD68E0B002F4DC1 /* Block.swift in Sources */ = {isa = PBXBuildFile; fileRef = 47EBC3081DD68E0B002F4DC1 /* Block.swift */; };
		8111C3451DBFBB6D002C8067 /* AppDelegate.swift in Sources */ = {isa = PBXBuildFile; fileRef = 8111C3441DBFBB6D002C8067 /* AppDelegate.swift */; };
		8111C3491DBFBB6D002C8067 /* DetailViewController.swift in Sources */ = {isa = PBXBuildFile; fileRef = 8111C3481DBFBB6D002C8067 /* DetailViewController.swift */; };
		8111C34C1DBFBB6D002C8067 /* Main.storyboard in Resources */ = {isa = PBXBuildFile; fileRef = 8111C34A1DBFBB6D002C8067 /* Main.storyboard */; };
		8111C34E1DBFBB6D002C8067 /* Assets.xcassets in Resources */ = {isa = PBXBuildFile; fileRef = 8111C34D1DBFBB6D002C8067 /* Assets.xcassets */; };
		8111C3511DBFBB6D002C8067 /* LaunchScreen.storyboard in Resources */ = {isa = PBXBuildFile; fileRef = 8111C34F1DBFBB6D002C8067 /* LaunchScreen.storyboard */; };
		8111C35C1DBFBB6D002C8067 /* AppsCompsTests.swift in Sources */ = {isa = PBXBuildFile; fileRef = 8111C35B1DBFBB6D002C8067 /* AppsCompsTests.swift */; };
		8111C3671DBFBB6D002C8067 /* AppsCompsUITests.swift in Sources */ = {isa = PBXBuildFile; fileRef = 8111C3661DBFBB6D002C8067 /* AppsCompsUITests.swift */; };
		818EC6561DDC0E6500F4F2E6 /* GoogleService-Info.plist in Resources */ = {isa = PBXBuildFile; fileRef = 818EC6551DDC0E6500F4F2E6 /* GoogleService-Info.plist */; };
		818EC6571DDC0E6500F4F2E6 /* GoogleService-Info.plist in Resources */ = {isa = PBXBuildFile; fileRef = 818EC6551DDC0E6500F4F2E6 /* GoogleService-Info.plist */; };
		818EC6581DDC0E6500F4F2E6 /* GoogleService-Info.plist in Resources */ = {isa = PBXBuildFile; fileRef = 818EC6551DDC0E6500F4F2E6 /* GoogleService-Info.plist */; };
		87ED06ED380F425EFCE63721 /* Pods_AppsCompsTests.framework in Frameworks */ = {isa = PBXBuildFile; fileRef = 280308DC992BAE59AE7A4ED2 /* Pods_AppsCompsTests.framework */; };
		AD099CD9771DFAB41874D8B8 /* Pods_AppsCompsUITests.framework in Frameworks */ = {isa = PBXBuildFile; fileRef = 877835773D49FE6AC942C72E /* Pods_AppsCompsUITests.framework */; };
/* End PBXBuildFile section */

/* Begin PBXContainerItemProxy section */
		8111C3581DBFBB6D002C8067 /* PBXContainerItemProxy */ = {
			isa = PBXContainerItemProxy;
			containerPortal = 8111C3391DBFBB6D002C8067 /* Project object */;
			proxyType = 1;
			remoteGlobalIDString = 8111C3401DBFBB6D002C8067;
			remoteInfo = AppsComps;
		};
		8111C3631DBFBB6D002C8067 /* PBXContainerItemProxy */ = {
			isa = PBXContainerItemProxy;
			containerPortal = 8111C3391DBFBB6D002C8067 /* Project object */;
			proxyType = 1;
			remoteGlobalIDString = 8111C3401DBFBB6D002C8067;
			remoteInfo = AppsComps;
		};
/* End PBXContainerItemProxy section */

/* Begin PBXFileReference section */
		113B05281DDBB3A700D001DD /* ProblemSelectorViewController.swift */ = {isa = PBXFileReference; fileEncoding = 4; lastKnownFileType = sourcecode.swift; path = ProblemSelectorViewController.swift; sourceTree = "<group>"; };
		113B052A1DDBB3AF00D001DD /* Account.swift */ = {isa = PBXFileReference; fileEncoding = 4; lastKnownFileType = sourcecode.swift; path = Account.swift; sourceTree = "<group>"; };
		113B052C1DDBB3B500D001DD /* Teacher.swift */ = {isa = PBXFileReference; fileEncoding = 4; lastKnownFileType = sourcecode.swift; path = Teacher.swift; sourceTree = "<group>"; };
		113B052E1DDBB3BB00D001DD /* Student.swift */ = {isa = PBXFileReference; fileEncoding = 4; lastKnownFileType = sourcecode.swift; path = Student.swift; sourceTree = "<group>"; };
		113B05301DDBB3C000D001DD /* ClassroomTableViewCell.swift */ = {isa = PBXFileReference; fileEncoding = 4; lastKnownFileType = sourcecode.swift; path = ClassroomTableViewCell.swift; sourceTree = "<group>"; };
		113B05321DDBB3CC00D001DD /* ClassroomTableViewController.swift */ = {isa = PBXFileReference; fileEncoding = 4; lastKnownFileType = sourcecode.swift; path = ClassroomTableViewController.swift; sourceTree = "<group>"; };
		113B05341DDBB3D400D001DD /* Classroom.swift */ = {isa = PBXFileReference; fileEncoding = 4; lastKnownFileType = sourcecode.swift; path = Classroom.swift; sourceTree = "<group>"; };
		228DB9E51DC7FA2A00FA64A7 /* APIConnector.swift */ = {isa = PBXFileReference; fileEncoding = 4; lastKnownFileType = sourcecode.swift; path = APIConnector.swift; sourceTree = "<group>"; };
		22F7A1491DD7D0CE00EC3C38 /* APIDataDelegate.swift */ = {isa = PBXFileReference; fileEncoding = 4; lastKnownFileType = sourcecode.swift; path = APIDataDelegate.swift; sourceTree = "<group>"; };
		280308DC992BAE59AE7A4ED2 /* Pods_AppsCompsTests.framework */ = {isa = PBXFileReference; explicitFileType = wrapper.framework; includeInIndex = 0; path = Pods_AppsCompsTests.framework; sourceTree = BUILT_PRODUCTS_DIR; };
		400F1B9383CC6CE0D915FDD9 /* Pods-AppsCompsTests.debug.xcconfig */ = {isa = PBXFileReference; includeInIndex = 1; lastKnownFileType = text.xcconfig; name = "Pods-AppsCompsTests.debug.xcconfig"; path = "Pods/Target Support Files/Pods-AppsCompsTests/Pods-AppsCompsTests.debug.xcconfig"; sourceTree = "<group>"; };
		47EBC2CE1DC55F16002F4DC1 /* ProblemScreenViewController.swift */ = {isa = PBXFileReference; fileEncoding = 4; lastKnownFileType = sourcecode.swift; path = ProblemScreenViewController.swift; sourceTree = "<group>"; };
		47EBC3021DC563AD002F4DC1 /* GameScene.swift */ = {isa = PBXFileReference; fileEncoding = 4; lastKnownFileType = sourcecode.swift; path = GameScene.swift; sourceTree = "<group>"; };
		47EBC3081DD68E0B002F4DC1 /* Block.swift */ = {isa = PBXFileReference; fileEncoding = 4; lastKnownFileType = sourcecode.swift; path = Block.swift; sourceTree = "<group>"; };
		6AF2770A3D16C00EA9DC73F3 /* Pods-AppsCompsUITests.debug.xcconfig */ = {isa = PBXFileReference; includeInIndex = 1; lastKnownFileType = text.xcconfig; name = "Pods-AppsCompsUITests.debug.xcconfig"; path = "Pods/Target Support Files/Pods-AppsCompsUITests/Pods-AppsCompsUITests.debug.xcconfig"; sourceTree = "<group>"; };
		7712B49316818E4298CBF609 /* Pods-AppsComps.debug.xcconfig */ = {isa = PBXFileReference; includeInIndex = 1; lastKnownFileType = text.xcconfig; name = "Pods-AppsComps.debug.xcconfig"; path = "Pods/Target Support Files/Pods-AppsComps/Pods-AppsComps.debug.xcconfig"; sourceTree = "<group>"; };
		8111C3411DBFBB6D002C8067 /* AppsComps.app */ = {isa = PBXFileReference; explicitFileType = wrapper.application; includeInIndex = 0; path = AppsComps.app; sourceTree = BUILT_PRODUCTS_DIR; };
		8111C3441DBFBB6D002C8067 /* AppDelegate.swift */ = {isa = PBXFileReference; lastKnownFileType = sourcecode.swift; path = AppDelegate.swift; sourceTree = "<group>"; };
		8111C3481DBFBB6D002C8067 /* DetailViewController.swift */ = {isa = PBXFileReference; lastKnownFileType = sourcecode.swift; path = DetailViewController.swift; sourceTree = "<group>"; };
		8111C34B1DBFBB6D002C8067 /* Base */ = {isa = PBXFileReference; lastKnownFileType = file.storyboard; name = Base; path = Base.lproj/Main.storyboard; sourceTree = "<group>"; };
		8111C34D1DBFBB6D002C8067 /* Assets.xcassets */ = {isa = PBXFileReference; lastKnownFileType = folder.assetcatalog; path = Assets.xcassets; sourceTree = "<group>"; };
		8111C3501DBFBB6D002C8067 /* Base */ = {isa = PBXFileReference; lastKnownFileType = file.storyboard; name = Base; path = Base.lproj/LaunchScreen.storyboard; sourceTree = "<group>"; };
		8111C3521DBFBB6D002C8067 /* Info.plist */ = {isa = PBXFileReference; lastKnownFileType = text.plist.xml; path = Info.plist; sourceTree = "<group>"; };
		8111C3571DBFBB6D002C8067 /* AppsCompsTests.xctest */ = {isa = PBXFileReference; explicitFileType = wrapper.cfbundle; includeInIndex = 0; path = AppsCompsTests.xctest; sourceTree = BUILT_PRODUCTS_DIR; };
		8111C35B1DBFBB6D002C8067 /* AppsCompsTests.swift */ = {isa = PBXFileReference; lastKnownFileType = sourcecode.swift; path = AppsCompsTests.swift; sourceTree = "<group>"; };
		8111C35D1DBFBB6D002C8067 /* Info.plist */ = {isa = PBXFileReference; lastKnownFileType = text.plist.xml; path = Info.plist; sourceTree = "<group>"; };
		8111C3621DBFBB6D002C8067 /* AppsCompsUITests.xctest */ = {isa = PBXFileReference; explicitFileType = wrapper.cfbundle; includeInIndex = 0; path = AppsCompsUITests.xctest; sourceTree = BUILT_PRODUCTS_DIR; };
		8111C3661DBFBB6D002C8067 /* AppsCompsUITests.swift */ = {isa = PBXFileReference; lastKnownFileType = sourcecode.swift; path = AppsCompsUITests.swift; sourceTree = "<group>"; };
		8111C3681DBFBB6D002C8067 /* Info.plist */ = {isa = PBXFileReference; lastKnownFileType = text.plist.xml; path = Info.plist; sourceTree = "<group>"; };
		818EC6551DDC0E6500F4F2E6 /* GoogleService-Info.plist */ = {isa = PBXFileReference; fileEncoding = 4; lastKnownFileType = text.plist.xml; name = "GoogleService-Info.plist"; path = "../../GoogleService-Info.plist"; sourceTree = "<group>"; };
		818EC6591DDC0E7B00F4F2E6 /* AppsComps-Bridging-Header.h */ = {isa = PBXFileReference; fileEncoding = 4; lastKnownFileType = sourcecode.c.h; name = "AppsComps-Bridging-Header.h"; path = "../../AppsComps-Bridging-Header.h"; sourceTree = "<group>"; };
		877835773D49FE6AC942C72E /* Pods_AppsCompsUITests.framework */ = {isa = PBXFileReference; explicitFileType = wrapper.framework; includeInIndex = 0; path = Pods_AppsCompsUITests.framework; sourceTree = BUILT_PRODUCTS_DIR; };
		87E7EA029543374792360F5C /* Pods_AppsComps.framework */ = {isa = PBXFileReference; explicitFileType = wrapper.framework; includeInIndex = 0; path = Pods_AppsComps.framework; sourceTree = BUILT_PRODUCTS_DIR; };
		BFB97FA33B19926DADFBC507 /* Pods-AppsCompsTests.release.xcconfig */ = {isa = PBXFileReference; includeInIndex = 1; lastKnownFileType = text.xcconfig; name = "Pods-AppsCompsTests.release.xcconfig"; path = "Pods/Target Support Files/Pods-AppsCompsTests/Pods-AppsCompsTests.release.xcconfig"; sourceTree = "<group>"; };
		F3A9E2D32ADCB3DD08AA140E /* Pods-AppsCompsUITests.release.xcconfig */ = {isa = PBXFileReference; includeInIndex = 1; lastKnownFileType = text.xcconfig; name = "Pods-AppsCompsUITests.release.xcconfig"; path = "Pods/Target Support Files/Pods-AppsCompsUITests/Pods-AppsCompsUITests.release.xcconfig"; sourceTree = "<group>"; };
		F8EAA6D1DB6389D34FE25275 /* Pods-AppsComps.release.xcconfig */ = {isa = PBXFileReference; includeInIndex = 1; lastKnownFileType = text.xcconfig; name = "Pods-AppsComps.release.xcconfig"; path = "Pods/Target Support Files/Pods-AppsComps/Pods-AppsComps.release.xcconfig"; sourceTree = "<group>"; };
/* End PBXFileReference section */

/* Begin PBXFrameworksBuildPhase section */
		8111C33E1DBFBB6D002C8067 /* Frameworks */ = {
			isa = PBXFrameworksBuildPhase;
			buildActionMask = 2147483647;
			files = (
				12E5B6C7AF1EC81893F3CBC0 /* Pods_AppsComps.framework in Frameworks */,
			);
			runOnlyForDeploymentPostprocessing = 0;
		};
		8111C3541DBFBB6D002C8067 /* Frameworks */ = {
			isa = PBXFrameworksBuildPhase;
			buildActionMask = 2147483647;
			files = (
				87ED06ED380F425EFCE63721 /* Pods_AppsCompsTests.framework in Frameworks */,
			);
			runOnlyForDeploymentPostprocessing = 0;
		};
		8111C35F1DBFBB6D002C8067 /* Frameworks */ = {
			isa = PBXFrameworksBuildPhase;
			buildActionMask = 2147483647;
			files = (
				AD099CD9771DFAB41874D8B8 /* Pods_AppsCompsUITests.framework in Frameworks */,
			);
			runOnlyForDeploymentPostprocessing = 0;
		};
/* End PBXFrameworksBuildPhase section */

/* Begin PBXGroup section */
		5378CE6D0C42F688A5BEBC51 /* Frameworks */ = {
			isa = PBXGroup;
			children = (
				87E7EA029543374792360F5C /* Pods_AppsComps.framework */,
				280308DC992BAE59AE7A4ED2 /* Pods_AppsCompsTests.framework */,
				877835773D49FE6AC942C72E /* Pods_AppsCompsUITests.framework */,
			);
			name = Frameworks;
			sourceTree = "<group>";
		};
		7B165DA12861596C16BEB29A /* Pods */ = {
			isa = PBXGroup;
			children = (
				7712B49316818E4298CBF609 /* Pods-AppsComps.debug.xcconfig */,
				F8EAA6D1DB6389D34FE25275 /* Pods-AppsComps.release.xcconfig */,
				400F1B9383CC6CE0D915FDD9 /* Pods-AppsCompsTests.debug.xcconfig */,
				BFB97FA33B19926DADFBC507 /* Pods-AppsCompsTests.release.xcconfig */,
				6AF2770A3D16C00EA9DC73F3 /* Pods-AppsCompsUITests.debug.xcconfig */,
				F3A9E2D32ADCB3DD08AA140E /* Pods-AppsCompsUITests.release.xcconfig */,
			);
			name = Pods;
			sourceTree = "<group>";
		};
		8111C3381DBFBB6D002C8067 = {
			isa = PBXGroup;
			children = (
				8111C3431DBFBB6D002C8067 /* AppsComps */,
				8111C35A1DBFBB6D002C8067 /* AppsCompsTests */,
				8111C3651DBFBB6D002C8067 /* AppsCompsUITests */,
				8111C3421DBFBB6D002C8067 /* Products */,
				7B165DA12861596C16BEB29A /* Pods */,
				5378CE6D0C42F688A5BEBC51 /* Frameworks */,
			);
			sourceTree = "<group>";
		};
		8111C3421DBFBB6D002C8067 /* Products */ = {
			isa = PBXGroup;
			children = (
				8111C3411DBFBB6D002C8067 /* AppsComps.app */,
				8111C3571DBFBB6D002C8067 /* AppsCompsTests.xctest */,
				8111C3621DBFBB6D002C8067 /* AppsCompsUITests.xctest */,
			);
			name = Products;
			sourceTree = "<group>";
		};
		8111C3431DBFBB6D002C8067 /* AppsComps */ = {
			isa = PBXGroup;
			children = (
				8111C3441DBFBB6D002C8067 /* AppDelegate.swift */,
				47EBC2CE1DC55F16002F4DC1 /* ProblemScreenViewController.swift */,
				228DB9E51DC7FA2A00FA64A7 /* APIConnector.swift */,
				22F7A1491DD7D0CE00EC3C38 /* APIDataDelegate.swift */,
				113B05281DDBB3A700D001DD /* ProblemSelectorViewController.swift */,
				818EC6591DDC0E7B00F4F2E6 /* AppsComps-Bridging-Header.h */,
				818EC6551DDC0E6500F4F2E6 /* GoogleService-Info.plist */,
				113B052A1DDBB3AF00D001DD /* Account.swift */,
				8111C3481DBFBB6D002C8067 /* DetailViewController.swift */,
				8111C34A1DBFBB6D002C8067 /* Main.storyboard */,
				113B052C1DDBB3B500D001DD /* Teacher.swift */,
				113B05321DDBB3CC00D001DD /* ClassroomTableViewController.swift */,
				113B05341DDBB3D400D001DD /* Classroom.swift */,
				113B05301DDBB3C000D001DD /* ClassroomTableViewCell.swift */,
				113B052E1DDBB3BB00D001DD /* Student.swift */,
				47EBC3021DC563AD002F4DC1 /* GameScene.swift */,
				8111C34D1DBFBB6D002C8067 /* Assets.xcassets */,
				8111C34F1DBFBB6D002C8067 /* LaunchScreen.storyboard */,
				8111C3521DBFBB6D002C8067 /* Info.plist */,
				47EBC3081DD68E0B002F4DC1 /* Block.swift */,
			);
			path = AppsComps;
			sourceTree = "<group>";
		};
		8111C35A1DBFBB6D002C8067 /* AppsCompsTests */ = {
			isa = PBXGroup;
			children = (
				8111C35B1DBFBB6D002C8067 /* AppsCompsTests.swift */,
				8111C35D1DBFBB6D002C8067 /* Info.plist */,
			);
			path = AppsCompsTests;
			sourceTree = "<group>";
		};
		8111C3651DBFBB6D002C8067 /* AppsCompsUITests */ = {
			isa = PBXGroup;
			children = (
				8111C3661DBFBB6D002C8067 /* AppsCompsUITests.swift */,
				8111C3681DBFBB6D002C8067 /* Info.plist */,
			);
			path = AppsCompsUITests;
			sourceTree = "<group>";
		};
/* End PBXGroup section */

/* Begin PBXNativeTarget section */
		8111C3401DBFBB6D002C8067 /* AppsComps */ = {
			isa = PBXNativeTarget;
			buildConfigurationList = 8111C36B1DBFBB6D002C8067 /* Build configuration list for PBXNativeTarget "AppsComps" */;
			buildPhases = (
				540DB1605821FB0F8ACD7BF1 /* [CP] Check Pods Manifest.lock */,
				8111C33D1DBFBB6D002C8067 /* Sources */,
				8111C33E1DBFBB6D002C8067 /* Frameworks */,
				8111C33F1DBFBB6D002C8067 /* Resources */,
				EE17E314312E1F4A9F6105EA /* [CP] Embed Pods Frameworks */,
				A8BAD15AD0C3F64A3D83E610 /* [CP] Copy Pods Resources */,
			);
			buildRules = (
			);
			dependencies = (
			);
			name = AppsComps;
			productName = AppsComps;
			productReference = 8111C3411DBFBB6D002C8067 /* AppsComps.app */;
			productType = "com.apple.product-type.application";
		};
		8111C3561DBFBB6D002C8067 /* AppsCompsTests */ = {
			isa = PBXNativeTarget;
			buildConfigurationList = 8111C36E1DBFBB6D002C8067 /* Build configuration list for PBXNativeTarget "AppsCompsTests" */;
			buildPhases = (
				2C6F4D70AAC15403CEB45351 /* [CP] Check Pods Manifest.lock */,
				8111C3531DBFBB6D002C8067 /* Sources */,
				8111C3541DBFBB6D002C8067 /* Frameworks */,
				8111C3551DBFBB6D002C8067 /* Resources */,
				D4E55EACBFF7DA9C488C895A /* [CP] Embed Pods Frameworks */,
				D8FA070C3329F38E8DA4C3D5 /* [CP] Copy Pods Resources */,
			);
			buildRules = (
			);
			dependencies = (
				8111C3591DBFBB6D002C8067 /* PBXTargetDependency */,
			);
			name = AppsCompsTests;
			productName = AppsCompsTests;
			productReference = 8111C3571DBFBB6D002C8067 /* AppsCompsTests.xctest */;
			productType = "com.apple.product-type.bundle.unit-test";
		};
		8111C3611DBFBB6D002C8067 /* AppsCompsUITests */ = {
			isa = PBXNativeTarget;
			buildConfigurationList = 8111C3711DBFBB6D002C8067 /* Build configuration list for PBXNativeTarget "AppsCompsUITests" */;
			buildPhases = (
				113EEE4B3EB92102826A437B /* [CP] Check Pods Manifest.lock */,
				8111C35E1DBFBB6D002C8067 /* Sources */,
				8111C35F1DBFBB6D002C8067 /* Frameworks */,
				8111C3601DBFBB6D002C8067 /* Resources */,
				0FF21B4B4570965384055DB4 /* [CP] Embed Pods Frameworks */,
				FE25885C8D2320F680460400 /* [CP] Copy Pods Resources */,
			);
			buildRules = (
			);
			dependencies = (
				8111C3641DBFBB6D002C8067 /* PBXTargetDependency */,
			);
			name = AppsCompsUITests;
			productName = AppsCompsUITests;
			productReference = 8111C3621DBFBB6D002C8067 /* AppsCompsUITests.xctest */;
			productType = "com.apple.product-type.bundle.ui-testing";
		};
/* End PBXNativeTarget section */

/* Begin PBXProject section */
		8111C3391DBFBB6D002C8067 /* Project object */ = {
			isa = PBXProject;
			attributes = {
				LastSwiftUpdateCheck = 0730;
				LastUpgradeCheck = 0800;
				ORGANIZATIONNAME = appscomps;
				TargetAttributes = {
					8111C3401DBFBB6D002C8067 = {
						CreatedOnToolsVersion = 7.3.1;
						LastSwiftMigration = 0800;
					};
					8111C3561DBFBB6D002C8067 = {
						CreatedOnToolsVersion = 7.3.1;
						LastSwiftMigration = 0800;
						TestTargetID = 8111C3401DBFBB6D002C8067;
					};
					8111C3611DBFBB6D002C8067 = {
						CreatedOnToolsVersion = 7.3.1;
						LastSwiftMigration = 0800;
						TestTargetID = 8111C3401DBFBB6D002C8067;
					};
				};
			};
			buildConfigurationList = 8111C33C1DBFBB6D002C8067 /* Build configuration list for PBXProject "AppsComps" */;
			compatibilityVersion = "Xcode 3.2";
			developmentRegion = English;
			hasScannedForEncodings = 0;
			knownRegions = (
				en,
				Base,
			);
			mainGroup = 8111C3381DBFBB6D002C8067;
			productRefGroup = 8111C3421DBFBB6D002C8067 /* Products */;
			projectDirPath = "";
			projectRoot = "";
			targets = (
				8111C3401DBFBB6D002C8067 /* AppsComps */,
				8111C3561DBFBB6D002C8067 /* AppsCompsTests */,
				8111C3611DBFBB6D002C8067 /* AppsCompsUITests */,
			);
		};
/* End PBXProject section */

/* Begin PBXResourcesBuildPhase section */
		8111C33F1DBFBB6D002C8067 /* Resources */ = {
			isa = PBXResourcesBuildPhase;
			buildActionMask = 2147483647;
			files = (
				8111C3511DBFBB6D002C8067 /* LaunchScreen.storyboard in Resources */,
				818EC6561DDC0E6500F4F2E6 /* GoogleService-Info.plist in Resources */,
				8111C34E1DBFBB6D002C8067 /* Assets.xcassets in Resources */,
				8111C34C1DBFBB6D002C8067 /* Main.storyboard in Resources */,
			);
			runOnlyForDeploymentPostprocessing = 0;
		};
		8111C3551DBFBB6D002C8067 /* Resources */ = {
			isa = PBXResourcesBuildPhase;
			buildActionMask = 2147483647;
			files = (
				818EC6571DDC0E6500F4F2E6 /* GoogleService-Info.plist in Resources */,
			);
			runOnlyForDeploymentPostprocessing = 0;
		};
		8111C3601DBFBB6D002C8067 /* Resources */ = {
			isa = PBXResourcesBuildPhase;
			buildActionMask = 2147483647;
			files = (
				818EC6581DDC0E6500F4F2E6 /* GoogleService-Info.plist in Resources */,
			);
			runOnlyForDeploymentPostprocessing = 0;
		};
/* End PBXResourcesBuildPhase section */

/* Begin PBXShellScriptBuildPhase section */
		0FF21B4B4570965384055DB4 /* [CP] Embed Pods Frameworks */ = {
			isa = PBXShellScriptBuildPhase;
			buildActionMask = 2147483647;
			files = (
			);
			inputPaths = (
			);
			name = "[CP] Embed Pods Frameworks";
			outputPaths = (
			);
			runOnlyForDeploymentPostprocessing = 0;
			shellPath = /bin/sh;
			shellScript = "\"${SRCROOT}/Pods/Target Support Files/Pods-AppsCompsUITests/Pods-AppsCompsUITests-frameworks.sh\"\n";
			showEnvVarsInLog = 0;
		};
		113EEE4B3EB92102826A437B /* [CP] Check Pods Manifest.lock */ = {
			isa = PBXShellScriptBuildPhase;
			buildActionMask = 2147483647;
			files = (
			);
			inputPaths = (
			);
			name = "[CP] Check Pods Manifest.lock";
			outputPaths = (
			);
			runOnlyForDeploymentPostprocessing = 0;
			shellPath = /bin/sh;
			shellScript = "diff \"${PODS_ROOT}/../Podfile.lock\" \"${PODS_ROOT}/Manifest.lock\" > /dev/null\nif [ $? != 0 ] ; then\n    # print error to STDERR\n    echo \"error: The sandbox is not in sync with the Podfile.lock. Run 'pod install' or update your CocoaPods installation.\" >&2\n    exit 1\nfi\n";
			showEnvVarsInLog = 0;
		};
		2C6F4D70AAC15403CEB45351 /* [CP] Check Pods Manifest.lock */ = {
			isa = PBXShellScriptBuildPhase;
			buildActionMask = 2147483647;
			files = (
			);
			inputPaths = (
			);
			name = "[CP] Check Pods Manifest.lock";
			outputPaths = (
			);
			runOnlyForDeploymentPostprocessing = 0;
			shellPath = /bin/sh;
			shellScript = "diff \"${PODS_ROOT}/../Podfile.lock\" \"${PODS_ROOT}/Manifest.lock\" > /dev/null\nif [ $? != 0 ] ; then\n    # print error to STDERR\n    echo \"error: The sandbox is not in sync with the Podfile.lock. Run 'pod install' or update your CocoaPods installation.\" >&2\n    exit 1\nfi\n";
			showEnvVarsInLog = 0;
		};
		540DB1605821FB0F8ACD7BF1 /* [CP] Check Pods Manifest.lock */ = {
			isa = PBXShellScriptBuildPhase;
			buildActionMask = 2147483647;
			files = (
			);
			inputPaths = (
			);
			name = "[CP] Check Pods Manifest.lock";
			outputPaths = (
			);
			runOnlyForDeploymentPostprocessing = 0;
			shellPath = /bin/sh;
			shellScript = "diff \"${PODS_ROOT}/../Podfile.lock\" \"${PODS_ROOT}/Manifest.lock\" > /dev/null\nif [ $? != 0 ] ; then\n    # print error to STDERR\n    echo \"error: The sandbox is not in sync with the Podfile.lock. Run 'pod install' or update your CocoaPods installation.\" >&2\n    exit 1\nfi\n";
			showEnvVarsInLog = 0;
		};
		A8BAD15AD0C3F64A3D83E610 /* [CP] Copy Pods Resources */ = {
			isa = PBXShellScriptBuildPhase;
			buildActionMask = 2147483647;
			files = (
			);
			inputPaths = (
			);
			name = "[CP] Copy Pods Resources";
			outputPaths = (
			);
			runOnlyForDeploymentPostprocessing = 0;
			shellPath = /bin/sh;
			shellScript = "\"${SRCROOT}/Pods/Target Support Files/Pods-AppsComps/Pods-AppsComps-resources.sh\"\n";
			showEnvVarsInLog = 0;
		};
		D4E55EACBFF7DA9C488C895A /* [CP] Embed Pods Frameworks */ = {
			isa = PBXShellScriptBuildPhase;
			buildActionMask = 2147483647;
			files = (
			);
			inputPaths = (
			);
			name = "[CP] Embed Pods Frameworks";
			outputPaths = (
			);
			runOnlyForDeploymentPostprocessing = 0;
			shellPath = /bin/sh;
			shellScript = "\"${SRCROOT}/Pods/Target Support Files/Pods-AppsCompsTests/Pods-AppsCompsTests-frameworks.sh\"\n";
			showEnvVarsInLog = 0;
		};
		D8FA070C3329F38E8DA4C3D5 /* [CP] Copy Pods Resources */ = {
			isa = PBXShellScriptBuildPhase;
			buildActionMask = 2147483647;
			files = (
			);
			inputPaths = (
			);
			name = "[CP] Copy Pods Resources";
			outputPaths = (
			);
			runOnlyForDeploymentPostprocessing = 0;
			shellPath = /bin/sh;
			shellScript = "\"${SRCROOT}/Pods/Target Support Files/Pods-AppsCompsTests/Pods-AppsCompsTests-resources.sh\"\n";
			showEnvVarsInLog = 0;
		};
		EE17E314312E1F4A9F6105EA /* [CP] Embed Pods Frameworks */ = {
			isa = PBXShellScriptBuildPhase;
			buildActionMask = 2147483647;
			files = (
			);
			inputPaths = (
			);
			name = "[CP] Embed Pods Frameworks";
			outputPaths = (
			);
			runOnlyForDeploymentPostprocessing = 0;
			shellPath = /bin/sh;
			shellScript = "\"${SRCROOT}/Pods/Target Support Files/Pods-AppsComps/Pods-AppsComps-frameworks.sh\"\n";
			showEnvVarsInLog = 0;
		};
		FE25885C8D2320F680460400 /* [CP] Copy Pods Resources */ = {
			isa = PBXShellScriptBuildPhase;
			buildActionMask = 2147483647;
			files = (
			);
			inputPaths = (
			);
			name = "[CP] Copy Pods Resources";
			outputPaths = (
			);
			runOnlyForDeploymentPostprocessing = 0;
			shellPath = /bin/sh;
			shellScript = "\"${SRCROOT}/Pods/Target Support Files/Pods-AppsCompsUITests/Pods-AppsCompsUITests-resources.sh\"\n";
			showEnvVarsInLog = 0;
		};
/* End PBXShellScriptBuildPhase section */

/* Begin PBXSourcesBuildPhase section */
		8111C33D1DBFBB6D002C8067 /* Sources */ = {
			isa = PBXSourcesBuildPhase;
			buildActionMask = 2147483647;
			files = (
				47EBC3031DC563AD002F4DC1 /* GameScene.swift in Sources */,
				113B05331DDBB3CC00D001DD /* ClassroomTableViewController.swift in Sources */,
				22F7A14A1DD7D0CE00EC3C38 /* APIDataDelegate.swift in Sources */,
				47EBC2CF1DC55F16002F4DC1 /* ProblemScreenViewController.swift in Sources */,
				8111C3491DBFBB6D002C8067 /* DetailViewController.swift in Sources */,
				113B05351DDBB3D400D001DD /* Classroom.swift in Sources */,
				113B05311DDBB3C000D001DD /* ClassroomTableViewCell.swift in Sources */,
				47EBC3091DD68E0B002F4DC1 /* Block.swift in Sources */,
				113B052B1DDBB3AF00D001DD /* Account.swift in Sources */,
				113B052F1DDBB3BB00D001DD /* Student.swift in Sources */,
				228DB9E61DC7FA2A00FA64A7 /* APIConnector.swift in Sources */,
				8111C3451DBFBB6D002C8067 /* AppDelegate.swift in Sources */,
				113B05291DDBB3A700D001DD /* ProblemSelectorViewController.swift in Sources */,
				113B052D1DDBB3B500D001DD /* Teacher.swift in Sources */,
			);
			runOnlyForDeploymentPostprocessing = 0;
		};
		8111C3531DBFBB6D002C8067 /* Sources */ = {
			isa = PBXSourcesBuildPhase;
			buildActionMask = 2147483647;
			files = (
				8111C35C1DBFBB6D002C8067 /* AppsCompsTests.swift in Sources */,
			);
			runOnlyForDeploymentPostprocessing = 0;
		};
		8111C35E1DBFBB6D002C8067 /* Sources */ = {
			isa = PBXSourcesBuildPhase;
			buildActionMask = 2147483647;
			files = (
				8111C3671DBFBB6D002C8067 /* AppsCompsUITests.swift in Sources */,
			);
			runOnlyForDeploymentPostprocessing = 0;
		};
/* End PBXSourcesBuildPhase section */

/* Begin PBXTargetDependency section */
		8111C3591DBFBB6D002C8067 /* PBXTargetDependency */ = {
			isa = PBXTargetDependency;
			target = 8111C3401DBFBB6D002C8067 /* AppsComps */;
			targetProxy = 8111C3581DBFBB6D002C8067 /* PBXContainerItemProxy */;
		};
		8111C3641DBFBB6D002C8067 /* PBXTargetDependency */ = {
			isa = PBXTargetDependency;
			target = 8111C3401DBFBB6D002C8067 /* AppsComps */;
			targetProxy = 8111C3631DBFBB6D002C8067 /* PBXContainerItemProxy */;
		};
/* End PBXTargetDependency section */

/* Begin PBXVariantGroup section */
		8111C34A1DBFBB6D002C8067 /* Main.storyboard */ = {
			isa = PBXVariantGroup;
			children = (
				8111C34B1DBFBB6D002C8067 /* Base */,
			);
			name = Main.storyboard;
			sourceTree = "<group>";
		};
		8111C34F1DBFBB6D002C8067 /* LaunchScreen.storyboard */ = {
			isa = PBXVariantGroup;
			children = (
				8111C3501DBFBB6D002C8067 /* Base */,
			);
			name = LaunchScreen.storyboard;
			sourceTree = "<group>";
		};
/* End PBXVariantGroup section */

/* Begin XCBuildConfiguration section */
		8111C3691DBFBB6D002C8067 /* Debug */ = {
			isa = XCBuildConfiguration;
			buildSettings = {
				ALWAYS_SEARCH_USER_PATHS = NO;
				CLANG_ANALYZER_NONNULL = YES;
				CLANG_CXX_LANGUAGE_STANDARD = "gnu++0x";
				CLANG_CXX_LIBRARY = "libc++";
				CLANG_ENABLE_MODULES = YES;
				CLANG_ENABLE_OBJC_ARC = YES;
				CLANG_WARN_BOOL_CONVERSION = YES;
				CLANG_WARN_CONSTANT_CONVERSION = YES;
				CLANG_WARN_DIRECT_OBJC_ISA_USAGE = YES_ERROR;
				CLANG_WARN_EMPTY_BODY = YES;
				CLANG_WARN_ENUM_CONVERSION = YES;
				CLANG_WARN_INFINITE_RECURSION = YES;
				CLANG_WARN_INT_CONVERSION = YES;
				CLANG_WARN_OBJC_ROOT_CLASS = YES_ERROR;
				CLANG_WARN_SUSPICIOUS_MOVE = YES;
				CLANG_WARN_UNREACHABLE_CODE = YES;
				CLANG_WARN__DUPLICATE_METHOD_MATCH = YES;
				"CODE_SIGN_IDENTITY[sdk=iphoneos*]" = "iPhone Developer";
				COPY_PHASE_STRIP = NO;
				DEBUG_INFORMATION_FORMAT = dwarf;
				ENABLE_STRICT_OBJC_MSGSEND = YES;
				ENABLE_TESTABILITY = YES;
				GCC_C_LANGUAGE_STANDARD = gnu99;
				GCC_DYNAMIC_NO_PIC = NO;
				GCC_NO_COMMON_BLOCKS = YES;
				GCC_OPTIMIZATION_LEVEL = 0;
				GCC_PREPROCESSOR_DEFINITIONS = (
					"DEBUG=1",
					"$(inherited)",
				);
				GCC_WARN_64_TO_32_BIT_CONVERSION = YES;
				GCC_WARN_ABOUT_RETURN_TYPE = YES_ERROR;
				GCC_WARN_UNDECLARED_SELECTOR = YES;
				GCC_WARN_UNINITIALIZED_AUTOS = YES_AGGRESSIVE;
				GCC_WARN_UNUSED_FUNCTION = YES;
				GCC_WARN_UNUSED_VARIABLE = YES;
				IPHONEOS_DEPLOYMENT_TARGET = 9.3;
				MTL_ENABLE_DEBUG_INFO = YES;
				ONLY_ACTIVE_ARCH = YES;
				SDKROOT = iphoneos;
				SWIFT_OPTIMIZATION_LEVEL = "-Onone";
				TARGETED_DEVICE_FAMILY = 2;
			};
			name = Debug;
		};
		8111C36A1DBFBB6D002C8067 /* Release */ = {
			isa = XCBuildConfiguration;
			buildSettings = {
				ALWAYS_SEARCH_USER_PATHS = NO;
				CLANG_ANALYZER_NONNULL = YES;
				CLANG_CXX_LANGUAGE_STANDARD = "gnu++0x";
				CLANG_CXX_LIBRARY = "libc++";
				CLANG_ENABLE_MODULES = YES;
				CLANG_ENABLE_OBJC_ARC = YES;
				CLANG_WARN_BOOL_CONVERSION = YES;
				CLANG_WARN_CONSTANT_CONVERSION = YES;
				CLANG_WARN_DIRECT_OBJC_ISA_USAGE = YES_ERROR;
				CLANG_WARN_EMPTY_BODY = YES;
				CLANG_WARN_ENUM_CONVERSION = YES;
				CLANG_WARN_INFINITE_RECURSION = YES;
				CLANG_WARN_INT_CONVERSION = YES;
				CLANG_WARN_OBJC_ROOT_CLASS = YES_ERROR;
				CLANG_WARN_SUSPICIOUS_MOVE = YES;
				CLANG_WARN_UNREACHABLE_CODE = YES;
				CLANG_WARN__DUPLICATE_METHOD_MATCH = YES;
				"CODE_SIGN_IDENTITY[sdk=iphoneos*]" = "iPhone Developer";
				COPY_PHASE_STRIP = NO;
				DEBUG_INFORMATION_FORMAT = "dwarf-with-dsym";
				ENABLE_NS_ASSERTIONS = NO;
				ENABLE_STRICT_OBJC_MSGSEND = YES;
				GCC_C_LANGUAGE_STANDARD = gnu99;
				GCC_NO_COMMON_BLOCKS = YES;
				GCC_WARN_64_TO_32_BIT_CONVERSION = YES;
				GCC_WARN_ABOUT_RETURN_TYPE = YES_ERROR;
				GCC_WARN_UNDECLARED_SELECTOR = YES;
				GCC_WARN_UNINITIALIZED_AUTOS = YES_AGGRESSIVE;
				GCC_WARN_UNUSED_FUNCTION = YES;
				GCC_WARN_UNUSED_VARIABLE = YES;
				IPHONEOS_DEPLOYMENT_TARGET = 9.3;
				MTL_ENABLE_DEBUG_INFO = NO;
				SDKROOT = iphoneos;
				SWIFT_OPTIMIZATION_LEVEL = "-Owholemodule";
				TARGETED_DEVICE_FAMILY = 2;
				VALIDATE_PRODUCT = YES;
			};
			name = Release;
		};
		8111C36C1DBFBB6D002C8067 /* Debug */ = {
			isa = XCBuildConfiguration;
			baseConfigurationReference = 7712B49316818E4298CBF609 /* Pods-AppsComps.debug.xcconfig */;
			buildSettings = {
				ASSETCATALOG_COMPILER_APPICON_NAME = AppIcon;
				INFOPLIST_FILE = AppsComps/Info.plist;
				IPHONEOS_DEPLOYMENT_TARGET = 9.3;
				LD_RUNPATH_SEARCH_PATHS = "$(inherited) @executable_path/Frameworks";
				PRODUCT_BUNDLE_IDENTIFIER = com.carleton.AppsComps;
				PRODUCT_NAME = "$(TARGET_NAME)";
				SWIFT_VERSION = 3.0;
			};
			name = Debug;
		};
		8111C36D1DBFBB6D002C8067 /* Release */ = {
			isa = XCBuildConfiguration;
			baseConfigurationReference = F8EAA6D1DB6389D34FE25275 /* Pods-AppsComps.release.xcconfig */;
			buildSettings = {
				ASSETCATALOG_COMPILER_APPICON_NAME = AppIcon;
				INFOPLIST_FILE = AppsComps/Info.plist;
				IPHONEOS_DEPLOYMENT_TARGET = 9.3;
				LD_RUNPATH_SEARCH_PATHS = "$(inherited) @executable_path/Frameworks";
				PRODUCT_BUNDLE_IDENTIFIER = com.carleton.AppsComps;
				PRODUCT_NAME = "$(TARGET_NAME)";
				SWIFT_VERSION = 3.0;
			};
			name = Release;
		};
		8111C36F1DBFBB6D002C8067 /* Debug */ = {
			isa = XCBuildConfiguration;
			baseConfigurationReference = 400F1B9383CC6CE0D915FDD9 /* Pods-AppsCompsTests.debug.xcconfig */;
			buildSettings = {
				BUNDLE_LOADER = "$(TEST_HOST)";
				INFOPLIST_FILE = AppsCompsTests/Info.plist;
				LD_RUNPATH_SEARCH_PATHS = "$(inherited) @executable_path/Frameworks @loader_path/Frameworks";
				PRODUCT_BUNDLE_IDENTIFIER = com.carleton.AppsCompsTests;
				PRODUCT_NAME = "$(TARGET_NAME)";
				SWIFT_VERSION = 3.0;
				TEST_HOST = "$(BUILT_PRODUCTS_DIR)/AppsComps.app/AppsComps";
			};
			name = Debug;
		};
		8111C3701DBFBB6D002C8067 /* Release */ = {
			isa = XCBuildConfiguration;
			baseConfigurationReference = BFB97FA33B19926DADFBC507 /* Pods-AppsCompsTests.release.xcconfig */;
			buildSettings = {
				BUNDLE_LOADER = "$(TEST_HOST)";
				INFOPLIST_FILE = AppsCompsTests/Info.plist;
				LD_RUNPATH_SEARCH_PATHS = "$(inherited) @executable_path/Frameworks @loader_path/Frameworks";
				PRODUCT_BUNDLE_IDENTIFIER = com.carleton.AppsCompsTests;
				PRODUCT_NAME = "$(TARGET_NAME)";
				SWIFT_VERSION = 3.0;
				TEST_HOST = "$(BUILT_PRODUCTS_DIR)/AppsComps.app/AppsComps";
			};
			name = Release;
		};
		8111C3721DBFBB6D002C8067 /* Debug */ = {
			isa = XCBuildConfiguration;
			baseConfigurationReference = 6AF2770A3D16C00EA9DC73F3 /* Pods-AppsCompsUITests.debug.xcconfig */;
			buildSettings = {
				INFOPLIST_FILE = AppsCompsUITests/Info.plist;
				LD_RUNPATH_SEARCH_PATHS = "$(inherited) @executable_path/Frameworks @loader_path/Frameworks";
				PRODUCT_BUNDLE_IDENTIFIER = com.carleton.AppsCompsUITests;
				PRODUCT_NAME = "$(TARGET_NAME)";
				SWIFT_VERSION = 3.0;
				TEST_TARGET_NAME = AppsComps;
			};
			name = Debug;
		};
		8111C3731DBFBB6D002C8067 /* Release */ = {
			isa = XCBuildConfiguration;
			baseConfigurationReference = F3A9E2D32ADCB3DD08AA140E /* Pods-AppsCompsUITests.release.xcconfig */;
			buildSettings = {
				INFOPLIST_FILE = AppsCompsUITests/Info.plist;
				LD_RUNPATH_SEARCH_PATHS = "$(inherited) @executable_path/Frameworks @loader_path/Frameworks";
				PRODUCT_BUNDLE_IDENTIFIER = com.carleton.AppsCompsUITests;
				PRODUCT_NAME = "$(TARGET_NAME)";
				SWIFT_VERSION = 3.0;
				TEST_TARGET_NAME = AppsComps;
			};
			name = Release;
		};
/* End XCBuildConfiguration section */

/* Begin XCConfigurationList section */
		8111C33C1DBFBB6D002C8067 /* Build configuration list for PBXProject "AppsComps" */ = {
			isa = XCConfigurationList;
			buildConfigurations = (
				8111C3691DBFBB6D002C8067 /* Debug */,
				8111C36A1DBFBB6D002C8067 /* Release */,
			);
			defaultConfigurationIsVisible = 0;
			defaultConfigurationName = Release;
		};
		8111C36B1DBFBB6D002C8067 /* Build configuration list for PBXNativeTarget "AppsComps" */ = {
			isa = XCConfigurationList;
			buildConfigurations = (
				8111C36C1DBFBB6D002C8067 /* Debug */,
				8111C36D1DBFBB6D002C8067 /* Release */,
			);
			defaultConfigurationIsVisible = 0;
			defaultConfigurationName = Release;
		};
		8111C36E1DBFBB6D002C8067 /* Build configuration list for PBXNativeTarget "AppsCompsTests" */ = {
			isa = XCConfigurationList;
			buildConfigurations = (
				8111C36F1DBFBB6D002C8067 /* Debug */,
				8111C3701DBFBB6D002C8067 /* Release */,
			);
			defaultConfigurationIsVisible = 0;
			defaultConfigurationName = Release;
		};
		8111C3711DBFBB6D002C8067 /* Build configuration list for PBXNativeTarget "AppsCompsUITests" */ = {
			isa = XCConfigurationList;
			buildConfigurations = (
				8111C3721DBFBB6D002C8067 /* Debug */,
				8111C3731DBFBB6D002C8067 /* Release */,
			);
			defaultConfigurationIsVisible = 0;
			defaultConfigurationName = Release;
		};
/* End XCConfigurationList section */
	};
	rootObject = 8111C3391DBFBB6D002C8067 /* Project object */;
}
